// !$*UTF8*$!
{
	archiveVersion = 1;
	classes = {
	};
	objectVersion = 48;
	objects = {

/* Begin PBXBuildFile section */
		6106C6C61F7A329600E87486 /* Drone.swift in Sources */ = {isa = PBXBuildFile; fileRef = 616C11931F62D7150002A468 /* Drone.swift */; };
		6179CE811F5EFD6000F1B690 /* AppDelegate.swift in Sources */ = {isa = PBXBuildFile; fileRef = 6179CE801F5EFD6000F1B690 /* AppDelegate.swift */; };
		6179CE831F5EFD6000F1B690 /* ViewController.swift in Sources */ = {isa = PBXBuildFile; fileRef = 6179CE821F5EFD6000F1B690 /* ViewController.swift */; };
		6179CE861F5EFD6000F1B690 /* Main.storyboard in Resources */ = {isa = PBXBuildFile; fileRef = 6179CE841F5EFD6000F1B690 /* Main.storyboard */; };
		6179CE881F5EFD6000F1B690 /* Assets.xcassets in Resources */ = {isa = PBXBuildFile; fileRef = 6179CE871F5EFD6000F1B690 /* Assets.xcassets */; };
		6179CE8B1F5EFD6000F1B690 /* LaunchScreen.storyboard in Resources */ = {isa = PBXBuildFile; fileRef = 6179CE891F5EFD6000F1B690 /* LaunchScreen.storyboard */; };
		617D3F671F61873B00272919 /* Drone.scn in Resources */ = {isa = PBXBuildFile; fileRef = 617D3F661F61873B00272919 /* Drone.scn */; };
/* End PBXBuildFile section */

/* Begin PBXFileReference section */
		616C11931F62D7150002A468 /* Drone.swift */ = {isa = PBXFileReference; lastKnownFileType = sourcecode.swift; path = Drone.swift; sourceTree = "<group>"; };
		6179CE7D1F5EFD6000F1B690 /* ARKitExample.app */ = {isa = PBXFileReference; explicitFileType = wrapper.application; includeInIndex = 0; path = ARKitExample.app; sourceTree = BUILT_PRODUCTS_DIR; };
		6179CE801F5EFD6000F1B690 /* AppDelegate.swift */ = {isa = PBXFileReference; lastKnownFileType = sourcecode.swift; path = AppDelegate.swift; sourceTree = "<group>"; };
		6179CE821F5EFD6000F1B690 /* ViewController.swift */ = {isa = PBXFileReference; lastKnownFileType = sourcecode.swift; path = ViewController.swift; sourceTree = "<group>"; };
		6179CE851F5EFD6000F1B690 /* Base */ = {isa = PBXFileReference; lastKnownFileType = file.storyboard; name = Base; path = Base.lproj/Main.storyboard; sourceTree = "<group>"; };
		6179CE871F5EFD6000F1B690 /* Assets.xcassets */ = {isa = PBXFileReference; lastKnownFileType = folder.assetcatalog; path = Assets.xcassets; sourceTree = "<group>"; };
		6179CE8A1F5EFD6000F1B690 /* Base */ = {isa = PBXFileReference; lastKnownFileType = file.storyboard; name = Base; path = Base.lproj/LaunchScreen.storyboard; sourceTree = "<group>"; };
		6179CE8C1F5EFD6000F1B690 /* Info.plist */ = {isa = PBXFileReference; lastKnownFileType = text.plist.xml; path = Info.plist; sourceTree = "<group>"; };
		617D3F651F6185C300272919 /* Drone.dae */ = {isa = PBXFileReference; lastKnownFileType = text.xml.dae; path = Drone.dae; sourceTree = "<group>"; };
		617D3F661F61873B00272919 /* Drone.scn */ = {isa = PBXFileReference; lastKnownFileType = file.bplist; path = Drone.scn; sourceTree = "<group>"; };
/* End PBXFileReference section */

/* Begin PBXFrameworksBuildPhase section */
		6179CE7A1F5EFD6000F1B690 /* Frameworks */ = {
			isa = PBXFrameworksBuildPhase;
			buildActionMask = 2147483647;
			files = (
			);
			runOnlyForDeploymentPostprocessing = 0;
		};
/* End PBXFrameworksBuildPhase section */

/* Begin PBXGroup section */
		6179CE741F5EFD6000F1B690 = {
			isa = PBXGroup;
			children = (
				6179CE7F1F5EFD6000F1B690 /* ARKitExample */,
				6179CE7E1F5EFD6000F1B690 /* Products */,
			);
			sourceTree = "<group>";
		};
		6179CE7E1F5EFD6000F1B690 /* Products */ = {
			isa = PBXGroup;
			children = (
				6179CE7D1F5EFD6000F1B690 /* ARKitExample.app */,
			);
			name = Products;
			sourceTree = "<group>";
		};
		6179CE7F1F5EFD6000F1B690 /* ARKitExample */ = {
			isa = PBXGroup;
			children = (
				6179CE801F5EFD6000F1B690 /* AppDelegate.swift */,
				6179CE821F5EFD6000F1B690 /* ViewController.swift */,
				6179CE841F5EFD6000F1B690 /* Main.storyboard */,
				617D3F601F6182E900272919 /* Objects */,
				6179CE871F5EFD6000F1B690 /* Assets.xcassets */,
				6179CE891F5EFD6000F1B690 /* LaunchScreen.storyboard */,
				6179CE8C1F5EFD6000F1B690 /* Info.plist */,
			);
			path = ARKitExample;
			sourceTree = "<group>";
		};
		617D3F601F6182E900272919 /* Objects */ = {
			isa = PBXGroup;
			children = (
				617D3F651F6185C300272919 /* Drone.dae */,
				617D3F661F61873B00272919 /* Drone.scn */,
				616C11931F62D7150002A468 /* Drone.swift */,
			);
			path = Objects;
			sourceTree = "<group>";
		};
/* End PBXGroup section */

/* Begin PBXNativeTarget section */
		6179CE7C1F5EFD6000F1B690 /* ARKitExample */ = {
			isa = PBXNativeTarget;
			buildConfigurationList = 6179CE8F1F5EFD6000F1B690 /* Build configuration list for PBXNativeTarget "ARKitExample" */;
			buildPhases = (
				6179CE791F5EFD6000F1B690 /* Sources */,
				6179CE7A1F5EFD6000F1B690 /* Frameworks */,
				6179CE7B1F5EFD6000F1B690 /* Resources */,
			);
			buildRules = (
			);
			dependencies = (
			);
			name = ARKitExample;
			productName = ARKitExample;
			productReference = 6179CE7D1F5EFD6000F1B690 /* ARKitExample.app */;
			productType = "com.apple.product-type.application";
		};
/* End PBXNativeTarget section */

/* Begin PBXProject section */
		6179CE751F5EFD6000F1B690 /* Project object */ = {
			isa = PBXProject;
			attributes = {
				LastSwiftUpdateCheck = 0900;
				LastUpgradeCheck = 0900;
				ORGANIZATIONNAME = RubyGarage;
				TargetAttributes = {
					6179CE7C1F5EFD6000F1B690 = {
						CreatedOnToolsVersion = 9.0;
					};
				};
			};
			buildConfigurationList = 6179CE781F5EFD6000F1B690 /* Build configuration list for PBXProject "ARKitExample" */;
			compatibilityVersion = "Xcode 8.0";
			developmentRegion = en;
			hasScannedForEncodings = 0;
			knownRegions = (
				en,
				Base,
			);
			mainGroup = 6179CE741F5EFD6000F1B690;
			productRefGroup = 6179CE7E1F5EFD6000F1B690 /* Products */;
			projectDirPath = "";
			projectRoot = "";
			targets = (
				6179CE7C1F5EFD6000F1B690 /* ARKitExample */,
			);
		};
/* End PBXProject section */

/* Begin PBXResourcesBuildPhase section */
		6179CE7B1F5EFD6000F1B690 /* Resources */ = {
			isa = PBXResourcesBuildPhase;
			buildActionMask = 2147483647;
			files = (
				6179CE8B1F5EFD6000F1B690 /* LaunchScreen.storyboard in Resources */,
				6179CE881F5EFD6000F1B690 /* Assets.xcassets in Resources */,
				6179CE861F5EFD6000F1B690 /* Main.storyboard in Resources */,
				617D3F671F61873B00272919 /* Drone.scn in Resources */,
			);
			runOnlyForDeploymentPostprocessing = 0;
		};
/* End PBXResourcesBuildPhase section */

/* Begin PBXSourcesBuildPhase section */
		6179CE791F5EFD6000F1B690 /* Sources */ = {
			isa = PBXSourcesBuildPhase;
			buildActionMask = 2147483647;
			files = (
				6106C6C61F7A329600E87486 /* Drone.swift in Sources */,
				6179CE831F5EFD6000F1B690 /* ViewController.swift in Sources */,
				6179CE811F5EFD6000F1B690 /* AppDelegate.swift in Sources */,
			);
			runOnlyForDeploymentPostprocessing = 0;
		};
/* End PBXSourcesBuildPhase section */

/* Begin PBXVariantGroup section */
		6179CE841F5EFD6000F1B690 /* Main.storyboard */ = {
			isa = PBXVariantGroup;
			children = (
				6179CE851F5EFD6000F1B690 /* Base */,
			);
			name = Main.storyboard;
			sourceTree = "<group>";
		};
		6179CE891F5EFD6000F1B690 /* LaunchScreen.storyboard */ = {
			isa = PBXVariantGroup;
			children = (
				6179CE8A1F5EFD6000F1B690 /* Base */,
			);
			name = LaunchScreen.storyboard;
			sourceTree = "<group>";
		};
/* End PBXVariantGroup section */

/* Begin XCBuildConfiguration section */
		6179CE8D1F5EFD6000F1B690 /* Debug */ = {
			isa = XCBuildConfiguration;
			buildSettings = {
				ALWAYS_SEARCH_USER_PATHS = NO;
				CLANG_ANALYZER_NONNULL = YES;
				CLANG_ANALYZER_NUMBER_OBJECT_CONVERSION = YES_AGGRESSIVE;
				CLANG_CXX_LANGUAGE_STANDARD = "gnu++14";
				CLANG_CXX_LIBRARY = "libc++";
				CLANG_ENABLE_MODULES = YES;
				CLANG_ENABLE_OBJC_ARC = YES;
				CLANG_WARN_BLOCK_CAPTURE_AUTORELEASING = YES;
				CLANG_WARN_BOOL_CONVERSION = YES;
				CLANG_WARN_COMMA = YES;
				CLANG_WARN_CONSTANT_CONVERSION = YES;
				CLANG_WARN_DIRECT_OBJC_ISA_USAGE = YES_ERROR;
				CLANG_WARN_DOCUMENTATION_COMMENTS = YES;
				CLANG_WARN_EMPTY_BODY = YES;
				CLANG_WARN_ENUM_CONVERSION = YES;
				CLANG_WARN_INFINITE_RECURSION = YES;
				CLANG_WARN_INT_CONVERSION = YES;
				CLANG_WARN_OBJC_ROOT_CLASS = YES_ERROR;
				CLANG_WARN_RANGE_LOOP_ANALYSIS = YES;
				CLANG_WARN_STRICT_PROTOTYPES = YES;
				CLANG_WARN_SUSPICIOUS_MOVE = YES;
				CLANG_WARN_UNGUARDED_AVAILABILITY = YES_AGGRESSIVE;
				CLANG_WARN_UNREACHABLE_CODE = YES;
				CLANG_WARN__DUPLICATE_METHOD_MATCH = YES;
				CODE_SIGN_IDENTITY = "iPhone Developer";
				COPY_PHASE_STRIP = NO;
				DEBUG_INFORMATION_FORMAT = dwarf;
				ENABLE_STRICT_OBJC_MSGSEND = YES;
				ENABLE_TESTABILITY = YES;
				GCC_C_LANGUAGE_STANDARD = gnu11;
				GCC_DYNAMIC_NO_PIC = NO;
				GCC_NO_COMMON_BLOCKS = YES;
				GCC_OPTIMIZATION_LEVEL = 0;
				GCC_PREPROCESSOR_DEFINITIONS = (
					"DEBUG=1",
					"$(inherited)",
				);
				GCC_WARN_64_TO_32_BIT_CONVERSION = YES;
				GCC_WARN_ABOUT_RETURN_TYPE = YES_ERROR;
				GCC_WARN_UNDECLARED_SELECTOR = YES;
				GCC_WARN_UNINITIALIZED_AUTOS = YES_AGGRESSIVE;
				GCC_WARN_UNUSED_FUNCTION = YES;
				GCC_WARN_UNUSED_VARIABLE = YES;
				IPHONEOS_DEPLOYMENT_TARGET = 11.0;
				MTL_ENABLE_DEBUG_INFO = YES;
				ONLY_ACTIVE_ARCH = YES;
				SDKROOT = iphoneos;
				SWIFT_ACTIVE_COMPILATION_CONDITIONS = DEBUG;
				SWIFT_OPTIMIZATION_LEVEL = "-Onone";
			};
			name = Debug;
		};
		6179CE8E1F5EFD6000F1B690 /* Release */ = {
			isa = XCBuildConfiguration;
			buildSettings = {
				ALWAYS_SEARCH_USER_PATHS = NO;
				CLANG_ANALYZER_NONNULL = YES;
				CLANG_ANALYZER_NUMBER_OBJECT_CONVERSION = YES_AGGRESSIVE;
				CLANG_CXX_LANGUAGE_STANDARD = "gnu++14";
				CLANG_CXX_LIBRARY = "libc++";
				CLANG_ENABLE_MODULES = YES;
				CLANG_ENABLE_OBJC_ARC = YES;
				CLANG_WARN_BLOCK_CAPTURE_AUTORELEASING = YES;
				CLANG_WARN_BOOL_CONVERSION = YES;
				CLANG_WARN_COMMA = YES;
				CLANG_WARN_CONSTANT_CONVERSION = YES;
				CLANG_WARN_DIRECT_OBJC_ISA_USAGE = YES_ERROR;
				CLANG_WARN_DOCUMENTATION_COMMENTS = YES;
				CLANG_WARN_EMPTY_BODY = YES;
				CLANG_WARN_ENUM_CONVERSION = YES;
				CLANG_WARN_INFINITE_RECURSION = YES;
				CLANG_WARN_INT_CONVERSION = YES;
				CLANG_WARN_OBJC_ROOT_CLASS = YES_ERROR;
				CLANG_WARN_RANGE_LOOP_ANALYSIS = YES;
				CLANG_WARN_STRICT_PROTOTYPES = YES;
				CLANG_WARN_SUSPICIOUS_MOVE = YES;
				CLANG_WARN_UNGUARDED_AVAILABILITY = YES_AGGRESSIVE;
				CLANG_WARN_UNREACHABLE_CODE = YES;
				CLANG_WARN__DUPLICATE_METHOD_MATCH = YES;
				CODE_SIGN_IDENTITY = "iPhone Developer";
				COPY_PHASE_STRIP = NO;
				DEBUG_INFORMATION_FORMAT = "dwarf-with-dsym";
				ENABLE_NS_ASSERTIONS = NO;
				ENABLE_STRICT_OBJC_MSGSEND = YES;
				GCC_C_LANGUAGE_STANDARD = gnu11;
				GCC_NO_COMMON_BLOCKS = YES;
				GCC_WARN_64_TO_32_BIT_CONVERSION = YES;
				GCC_WARN_ABOUT_RETURN_TYPE = YES_ERROR;
				GCC_WARN_UNDECLARED_SELECTOR = YES;
				GCC_WARN_UNINITIALIZED_AUTOS = YES_AGGRESSIVE;
				GCC_WARN_UNUSED_FUNCTION = YES;
				GCC_WARN_UNUSED_VARIABLE = YES;
				IPHONEOS_DEPLOYMENT_TARGET = 11.0;
				MTL_ENABLE_DEBUG_INFO = NO;
				SDKROOT = iphoneos;
				SWIFT_OPTIMIZATION_LEVEL = "-Owholemodule";
				VALIDATE_PRODUCT = YES;
			};
			name = Release;
		};
		6179CE901F5EFD6000F1B690 /* Debug */ = {
			isa = XCBuildConfiguration;
			buildSettings = {
				ASSETCATALOG_COMPILER_APPICON_NAME = AppIcon;
				DEVELOPMENT_TEAM = J5BJ6M865W;
				INFOPLIST_FILE = ARKitExample/Info.plist;
				LD_RUNPATH_SEARCH_PATHS = "$(inherited) @executable_path/Frameworks";
				PRODUCT_BUNDLE_IDENTIFIER = RG.ARKitExample;
				PRODUCT_NAME = "$(TARGET_NAME)";
				SWIFT_VERSION = 4.0;
				TARGETED_DEVICE_FAMILY = "1,2";
			};
			name = Debug;
		};
		6179CE911F5EFD6000F1B690 /* Release */ = {
			isa = XCBuildConfiguration;
			buildSettings = {
				ASSETCATALOG_COMPILER_APPICON_NAME = AppIcon;
				DEVELOPMENT_TEAM = J5BJ6M865W;
				INFOPLIST_FILE = ARKitExample/Info.plist;
				LD_RUNPATH_SEARCH_PATHS = "$(inherited) @executable_path/Frameworks";
				PRODUCT_BUNDLE_IDENTIFIER = RG.ARKitExample;
				PRODUCT_NAME = "$(TARGET_NAME)";
				SWIFT_VERSION = 4.0;
				TARGETED_DEVICE_FAMILY = "1,2";
			};
			name = Release;
		};
/* End XCBuildConfiguration section */

/* Begin XCConfigurationList section */
		6179CE781F5EFD6000F1B690 /* Build configuration list for PBXProject "ARKitExample" */ = {
			isa = XCConfigurationList;
			buildConfigurations = (
				6179CE8D1F5EFD6000F1B690 /* Debug */,
				6179CE8E1F5EFD6000F1B690 /* Release */,
			);
			defaultConfigurationIsVisible = 0;
			defaultConfigurationName = Release;
		};
		6179CE8F1F5EFD6000F1B690 /* Build configuration list for PBXNativeTarget "ARKitExample" */ = {
			isa = XCConfigurationList;
			buildConfigurations = (
				6179CE901F5EFD6000F1B690 /* Debug */,
				6179CE911F5EFD6000F1B690 /* Release */,
			);
			defaultConfigurationIsVisible = 0;
			defaultConfigurationName = Release;
		};
/* End XCConfigurationList section */
	};
	rootObject = 6179CE751F5EFD6000F1B690 /* Project object */;
}
